// !$*UTF8*$!
{
	archiveVersion = 1;
	classes = {
	};
	objectVersion = 45;
	objects = {

/* Begin PBXBuildFile section */
		1DDD58160DA1D0A300B32029 /* MainMenu.xib in Resources */ = {isa = PBXBuildFile; fileRef = 1DDD58140DA1D0A300B32029 /* MainMenu.xib */; };
		256AC3DA0F4B6AC300CF3369 /* FallingAppDelegate.m in Sources */ = {isa = PBXBuildFile; fileRef = 256AC3D90F4B6AC300CF3369 /* FallingAppDelegate.m */; };
		8D11072B0486CEB800E47090 /* InfoPlist.strings in Resources */ = {isa = PBXBuildFile; fileRef = 089C165CFE840E0CC02AAC07 /* InfoPlist.strings */; };
		8D11072D0486CEB800E47090 /* main.m in Sources */ = {isa = PBXBuildFile; fileRef = 29B97316FDCFA39411CA2CEA /* main.m */; settings = {ATTRIBUTES = (); }; };
		8D11072F0486CEB800E47090 /* Cocoa.framework in Frameworks */ = {isa = PBXBuildFile; fileRef = 1058C7A1FEA54F0111CA2CBB /* Cocoa.framework */; };
		F41CFA34106BDA5E00AF6B0E /* game.cpp in Sources */ = {isa = PBXBuildFile; fileRef = F41CFA33106BDA5E00AF6B0E /* game.cpp */; };
		F41CFC23106D57CA00AF6B0E /* gametime.cpp in Sources */ = {isa = PBXBuildFile; fileRef = F4967D78105AD48600A08591 /* gametime.cpp */; };
		F41CFD62106D70F600AF6B0E /* render.cpp in Sources */ = {isa = PBXBuildFile; fileRef = F41CFD61106D70F600AF6B0E /* render.cpp */; };
		F41CFD71106DFC8C00AF6B0E /* entity.cpp in Sources */ = {isa = PBXBuildFile; fileRef = F41CFD70106DFC8C00AF6B0E /* entity.cpp */; };
		F4967DC6105AE7CA00A08591 /* OpenGL.framework in Frameworks */ = {isa = PBXBuildFile; fileRef = F4967DC5105AE7CA00A08591 /* OpenGL.framework */; };
		F4E03A0F1059A30900A19CF5 /* EngineView.mm in Sources */ = {isa = PBXBuildFile; fileRef = F4E03A0E1059A30900A19CF5 /* EngineView.mm */; };
		F4E03A7D1059A94700A19CF5 /* GameApplication.m in Sources */ = {isa = PBXBuildFile; fileRef = F4E03A7C1059A94700A19CF5 /* GameApplication.m */; };
		F4F14D61106E75A90021FFA0 /* image.cpp in Sources */ = {isa = PBXBuildFile; fileRef = F4F14D60106E75A90021FFA0 /* image.cpp */; };
		F4F14DDF106FC7F40021FFA0 /* font.cpp in Sources */ = {isa = PBXBuildFile; fileRef = F4F14DDE106FC7F40021FFA0 /* font.cpp */; };
		F4F14E2B106FEE780021FFA0 /* str.cpp in Sources */ = {isa = PBXBuildFile; fileRef = F4F14E2A106FEE780021FFA0 /* str.cpp */; };
		F4F14E59106FFB650021FFA0 /* pixelfont.png in Resources */ = {isa = PBXBuildFile; fileRef = F4F14E58106FFB650021FFA0 /* pixelfont.png */; };
/* End PBXBuildFile section */

/* Begin PBXFileReference section */
		089C165DFE840E0CC02AAC07 /* English */ = {isa = PBXFileReference; fileEncoding = 4; lastKnownFileType = text.plist.strings; name = English; path = English.lproj/InfoPlist.strings; sourceTree = "<group>"; };
		1058C7A1FEA54F0111CA2CBB /* Cocoa.framework */ = {isa = PBXFileReference; lastKnownFileType = wrapper.framework; name = Cocoa.framework; path = /System/Library/Frameworks/Cocoa.framework; sourceTree = "<absolute>"; };
		13E42FB307B3F0F600E4EEF1 /* CoreData.framework */ = {isa = PBXFileReference; lastKnownFileType = wrapper.framework; name = CoreData.framework; path = /System/Library/Frameworks/CoreData.framework; sourceTree = "<absolute>"; };
		1DDD58150DA1D0A300B32029 /* English */ = {isa = PBXFileReference; lastKnownFileType = file.xib; name = English; path = English.lproj/MainMenu.xib; sourceTree = "<group>"; };
		256AC3D80F4B6AC300CF3369 /* FallingAppDelegate.h */ = {isa = PBXFileReference; fileEncoding = 4; lastKnownFileType = sourcecode.c.h; path = FallingAppDelegate.h; sourceTree = "<group>"; };
		256AC3D90F4B6AC300CF3369 /* FallingAppDelegate.m */ = {isa = PBXFileReference; fileEncoding = 4; lastKnownFileType = sourcecode.c.objc; path = FallingAppDelegate.m; sourceTree = "<group>"; };
		256AC3F00F4B6AF500CF3369 /* falling_Prefix.pch */ = {isa = PBXFileReference; fileEncoding = 4; lastKnownFileType = sourcecode.c.h; path = falling_Prefix.pch; sourceTree = "<group>"; };
		29B97316FDCFA39411CA2CEA /* main.m */ = {isa = PBXFileReference; fileEncoding = 4; lastKnownFileType = sourcecode.c.objc; path = main.m; sourceTree = "<group>"; };
		29B97324FDCFA39411CA2CEA /* AppKit.framework */ = {isa = PBXFileReference; lastKnownFileType = wrapper.framework; name = AppKit.framework; path = /System/Library/Frameworks/AppKit.framework; sourceTree = "<absolute>"; };
		29B97325FDCFA39411CA2CEA /* Foundation.framework */ = {isa = PBXFileReference; lastKnownFileType = wrapper.framework; name = Foundation.framework; path = /System/Library/Frameworks/Foundation.framework; sourceTree = "<absolute>"; };
		8D1107310486CEB800E47090 /* falling-Info.plist */ = {isa = PBXFileReference; fileEncoding = 4; lastKnownFileType = text.plist.xml; path = "falling-Info.plist"; sourceTree = "<group>"; };
		8D1107320486CEB800E47090 /* falling.app */ = {isa = PBXFileReference; explicitFileType = wrapper.application; includeInIndex = 0; path = falling.app; sourceTree = BUILT_PRODUCTS_DIR; };
		F41CFA32106BDA5E00AF6B0E /* game.h */ = {isa = PBXFileReference; fileEncoding = 4; lastKnownFileType = sourcecode.c.h; path = game.h; sourceTree = "<group>"; };
		F41CFA33106BDA5E00AF6B0E /* game.cpp */ = {isa = PBXFileReference; fileEncoding = 4; lastKnownFileType = sourcecode.cpp.cpp; path = game.cpp; sourceTree = "<group>"; };
		F41CFA5A106BE4A500AF6B0E /* array.h */ = {isa = PBXFileReference; fileEncoding = 4; lastKnownFileType = sourcecode.c.h; path = array.h; sourceTree = "<group>"; };
		F41CFA5B106BE66B00AF6B0E /* placement_new.h */ = {isa = PBXFileReference; fileEncoding = 4; lastKnownFileType = sourcecode.c.h; path = placement_new.h; sourceTree = "<group>"; };
		F41CFD61106D70F600AF6B0E /* render.cpp */ = {isa = PBXFileReference; fileEncoding = 4; lastKnownFileType = sourcecode.cpp.cpp; path = render.cpp; sourceTree = "<group>"; };
		F41CFD6F106DFC8C00AF6B0E /* entity.h */ = {isa = PBXFileReference; fileEncoding = 4; lastKnownFileType = sourcecode.c.h; path = entity.h; sourceTree = "<group>"; };
		F41CFD70106DFC8C00AF6B0E /* entity.cpp */ = {isa = PBXFileReference; fileEncoding = 4; lastKnownFileType = sourcecode.cpp.cpp; path = entity.cpp; sourceTree = "<group>"; };
		F48420D0105BE6B30084E2D9 /* events.h */ = {isa = PBXFileReference; fileEncoding = 4; lastKnownFileType = sourcecode.c.h; path = events.h; sourceTree = "<group>"; };
		F4842172105BFC490084E2D9 /* render.h */ = {isa = PBXFileReference; fileEncoding = 4; lastKnownFileType = sourcecode.c.h; path = render.h; sourceTree = "<group>"; };
		F4842340105D9D9D0084E2D9 /* color.h */ = {isa = PBXFileReference; fileEncoding = 4; lastKnownFileType = sourcecode.c.h; path = color.h; sourceTree = "<group>"; };
		F4967D77105AD48600A08591 /* gametime.h */ = {isa = PBXFileReference; fileEncoding = 4; lastKnownFileType = sourcecode.c.h; path = gametime.h; sourceTree = "<group>"; };
		F4967D78105AD48600A08591 /* gametime.cpp */ = {isa = PBXFileReference; fileEncoding = 4; lastKnownFileType = sourcecode.cpp.cpp; path = gametime.cpp; sourceTree = "<group>"; };
		F4967DC5105AE7CA00A08591 /* OpenGL.framework */ = {isa = PBXFileReference; lastKnownFileType = wrapper.framework; name = OpenGL.framework; path = /System/Library/Frameworks/OpenGL.framework; sourceTree = "<absolute>"; };
		F4E038391058223200A19CF5 /* float4.h */ = {isa = PBXFileReference; fileEncoding = 4; lastKnownFileType = sourcecode.c.h; path = float4.h; sourceTree = "<group>"; };
		F4E038E710583AFE00A19CF5 /* basic.h */ = {isa = PBXFileReference; fileEncoding = 4; lastKnownFileType = sourcecode.c.h; path = basic.h; sourceTree = "<group>"; };
		F4E03A0D1059A30900A19CF5 /* EngineView.h */ = {isa = PBXFileReference; fileEncoding = 4; lastKnownFileType = sourcecode.c.h; path = EngineView.h; sourceTree = "<group>"; };
		F4E03A0E1059A30900A19CF5 /* EngineView.mm */ = {isa = PBXFileReference; explicitFileType = sourcecode.cpp.objcpp; fileEncoding = 4; path = EngineView.mm; sourceTree = "<group>"; };
		F4E03A7B1059A94700A19CF5 /* GameApplication.h */ = {isa = PBXFileReference; fileEncoding = 4; lastKnownFileType = sourcecode.c.h; path = GameApplication.h; sourceTree = "<group>"; };
		F4E03A7C1059A94700A19CF5 /* GameApplication.m */ = {isa = PBXFileReference; fileEncoding = 4; lastKnownFileType = sourcecode.c.objc; path = GameApplication.m; sourceTree = "<group>"; };
		F4F14D5F106E75A90021FFA0 /* image.h */ = {isa = PBXFileReference; fileEncoding = 4; lastKnownFileType = sourcecode.c.h; path = image.h; sourceTree = "<group>"; };
		F4F14D60106E75A90021FFA0 /* image.cpp */ = {isa = PBXFileReference; fileEncoding = 4; lastKnownFileType = sourcecode.cpp.cpp; path = image.cpp; sourceTree = "<group>"; };
		F4F14DDD106FC7F40021FFA0 /* font.h */ = {isa = PBXFileReference; fileEncoding = 4; lastKnownFileType = sourcecode.c.h; path = font.h; sourceTree = "<group>"; };
		F4F14DDE106FC7F40021FFA0 /* font.cpp */ = {isa = PBXFileReference; fileEncoding = 4; lastKnownFileType = sourcecode.cpp.cpp; path = font.cpp; sourceTree = "<group>"; };
		F4F14E29106FEE780021FFA0 /* str.h */ = {isa = PBXFileReference; fileEncoding = 4; lastKnownFileType = sourcecode.c.h; path = str.h; sourceTree = "<group>"; };
		F4F14E2A106FEE780021FFA0 /* str.cpp */ = {isa = PBXFileReference; fileEncoding = 4; lastKnownFileType = sourcecode.cpp.cpp; path = str.cpp; sourceTree = "<group>"; };
		F4F14E58106FFB650021FFA0 /* pixelfont.png */ = {isa = PBXFileReference; explicitFileType = image.png; name = pixelfont.png; path = resources/pixelfont.png; sourceTree = "<group>"; };
/* End PBXFileReference section */

/* Begin PBXFrameworksBuildPhase section */
		8D11072E0486CEB800E47090 /* Frameworks */ = {
			isa = PBXFrameworksBuildPhase;
			buildActionMask = 2147483647;
			files = (
				8D11072F0486CEB800E47090 /* Cocoa.framework in Frameworks */,
				F4967DC6105AE7CA00A08591 /* OpenGL.framework in Frameworks */,
			);
			runOnlyForDeploymentPostprocessing = 0;
		};
/* End PBXFrameworksBuildPhase section */

/* Begin PBXGroup section */
		080E96DDFE201D6D7F000001 /* Classes */ = {
			isa = PBXGroup;
			children = (
				256AC3D80F4B6AC300CF3369 /* FallingAppDelegate.h */,
				256AC3D90F4B6AC300CF3369 /* FallingAppDelegate.m */,
				F4E03A0D1059A30900A19CF5 /* EngineView.h */,
				F4E03A0E1059A30900A19CF5 /* EngineView.mm */,
				F4E03A7B1059A94700A19CF5 /* GameApplication.h */,
				F4E03A7C1059A94700A19CF5 /* GameApplication.m */,
			);
			name = Classes;
			sourceTree = "<group>";
		};
		1058C7A0FEA54F0111CA2CBB /* Linked Frameworks */ = {
			isa = PBXGroup;
			children = (
				1058C7A1FEA54F0111CA2CBB /* Cocoa.framework */,
				F4967DC5105AE7CA00A08591 /* OpenGL.framework */,
			);
			name = "Linked Frameworks";
			sourceTree = "<group>";
		};
		1058C7A2FEA54F0111CA2CBB /* Other Frameworks */ = {
			isa = PBXGroup;
			children = (
				29B97324FDCFA39411CA2CEA /* AppKit.framework */,
				13E42FB307B3F0F600E4EEF1 /* CoreData.framework */,
				29B97325FDCFA39411CA2CEA /* Foundation.framework */,
			);
			name = "Other Frameworks";
			sourceTree = "<group>";
		};
		19C28FACFE9D520D11CA2CBB /* Products */ = {
			isa = PBXGroup;
			children = (
				8D1107320486CEB800E47090 /* falling.app */,
			);
			name = Products;
			sourceTree = "<group>";
		};
		29B97314FDCFA39411CA2CEA /* falling */ = {
			isa = PBXGroup;
			children = (
				080E96DDFE201D6D7F000001 /* Classes */,
				29B97315FDCFA39411CA2CEA /* Other Sources */,
				29B97317FDCFA39411CA2CEA /* Resources */,
				29B97323FDCFA39411CA2CEA /* Frameworks */,
				19C28FACFE9D520D11CA2CBB /* Products */,
			);
			name = falling;
			sourceTree = "<group>";
		};
		29B97315FDCFA39411CA2CEA /* Other Sources */ = {
			isa = PBXGroup;
			children = (
				F4F14E29106FEE780021FFA0 /* str.h */,
				F4F14E2A106FEE780021FFA0 /* str.cpp */,
				F41CFA5B106BE66B00AF6B0E /* placement_new.h */,
				F4842172105BFC490084E2D9 /* render.h */,
				F4E038391058223200A19CF5 /* float4.h */,
				F4E038E710583AFE00A19CF5 /* basic.h */,
				256AC3F00F4B6AF500CF3369 /* falling_Prefix.pch */,
				29B97316FDCFA39411CA2CEA /* main.m */,
				F4967D77105AD48600A08591 /* gametime.h */,
				F4967D78105AD48600A08591 /* gametime.cpp */,
				F48420D0105BE6B30084E2D9 /* events.h */,
				F4842340105D9D9D0084E2D9 /* color.h */,
				F41CFA32106BDA5E00AF6B0E /* game.h */,
				F41CFA33106BDA5E00AF6B0E /* game.cpp */,
				F41CFA5A106BE4A500AF6B0E /* array.h */,
				F41CFD61106D70F600AF6B0E /* render.cpp */,
				F41CFD6F106DFC8C00AF6B0E /* entity.h */,
				F41CFD70106DFC8C00AF6B0E /* entity.cpp */,
				F4F14D5F106E75A90021FFA0 /* image.h */,
				F4F14D60106E75A90021FFA0 /* image.cpp */,
				F4F14DDD106FC7F40021FFA0 /* font.h */,
				F4F14DDE106FC7F40021FFA0 /* font.cpp */,
			);
			name = "Other Sources";
			sourceTree = "<group>";
		};
		29B97317FDCFA39411CA2CEA /* Resources */ = {
			isa = PBXGroup;
			children = (
				F4F14E58106FFB650021FFA0 /* pixelfont.png */,
				8D1107310486CEB800E47090 /* falling-Info.plist */,
				089C165CFE840E0CC02AAC07 /* InfoPlist.strings */,
				1DDD58140DA1D0A300B32029 /* MainMenu.xib */,
			);
			name = Resources;
			sourceTree = "<group>";
		};
		29B97323FDCFA39411CA2CEA /* Frameworks */ = {
			isa = PBXGroup;
			children = (
				1058C7A0FEA54F0111CA2CBB /* Linked Frameworks */,
				1058C7A2FEA54F0111CA2CBB /* Other Frameworks */,
			);
			name = Frameworks;
			sourceTree = "<group>";
		};
/* End PBXGroup section */

/* Begin PBXNativeTarget section */
		8D1107260486CEB800E47090 /* falling */ = {
			isa = PBXNativeTarget;
			buildConfigurationList = C01FCF4A08A954540054247B /* Build configuration list for PBXNativeTarget "falling" */;
			buildPhases = (
				8D1107290486CEB800E47090 /* Resources */,
				8D11072C0486CEB800E47090 /* Sources */,
				8D11072E0486CEB800E47090 /* Frameworks */,
			);
			buildRules = (
			);
			dependencies = (
			);
			name = falling;
			productInstallPath = "$(HOME)/Applications";
			productName = falling;
			productReference = 8D1107320486CEB800E47090 /* falling.app */;
			productType = "com.apple.product-type.application";
		};
/* End PBXNativeTarget section */

/* Begin PBXProject section */
		29B97313FDCFA39411CA2CEA /* Project object */ = {
			isa = PBXProject;
			buildConfigurationList = C01FCF4E08A954540054247B /* Build configuration list for PBXProject "falling" */;
			compatibilityVersion = "Xcode 3.1";
			hasScannedForEncodings = 1;
			mainGroup = 29B97314FDCFA39411CA2CEA /* falling */;
			projectDirPath = "";
			projectRoot = "";
			targets = (
				8D1107260486CEB800E47090 /* falling */,
			);
		};
/* End PBXProject section */

/* Begin PBXResourcesBuildPhase section */
		8D1107290486CEB800E47090 /* Resources */ = {
			isa = PBXResourcesBuildPhase;
			buildActionMask = 2147483647;
			files = (
				8D11072B0486CEB800E47090 /* InfoPlist.strings in Resources */,
				1DDD58160DA1D0A300B32029 /* MainMenu.xib in Resources */,
				F4F14E59106FFB650021FFA0 /* pixelfont.png in Resources */,
			);
			runOnlyForDeploymentPostprocessing = 0;
		};
/* End PBXResourcesBuildPhase section */

/* Begin PBXSourcesBuildPhase section */
		8D11072C0486CEB800E47090 /* Sources */ = {
			isa = PBXSourcesBuildPhase;
			buildActionMask = 2147483647;
			files = (
				8D11072D0486CEB800E47090 /* main.m in Sources */,
				256AC3DA0F4B6AC300CF3369 /* FallingAppDelegate.m in Sources */,
				F4E03A0F1059A30900A19CF5 /* EngineView.mm in Sources */,
				F4E03A7D1059A94700A19CF5 /* GameApplication.m in Sources */,
				F41CFA34106BDA5E00AF6B0E /* game.cpp in Sources */,
				F41CFC23106D57CA00AF6B0E /* gametime.cpp in Sources */,
				F41CFD62106D70F600AF6B0E /* render.cpp in Sources */,
				F41CFD71106DFC8C00AF6B0E /* entity.cpp in Sources */,
				F4F14D61106E75A90021FFA0 /* image.cpp in Sources */,
				F4F14DDF106FC7F40021FFA0 /* font.cpp in Sources */,
				F4F14E2B106FEE780021FFA0 /* str.cpp in Sources */,
			);
			runOnlyForDeploymentPostprocessing = 0;
		};
/* End PBXSourcesBuildPhase section */

/* Begin PBXVariantGroup section */
		089C165CFE840E0CC02AAC07 /* InfoPlist.strings */ = {
			isa = PBXVariantGroup;
			children = (
				089C165DFE840E0CC02AAC07 /* English */,
			);
			name = InfoPlist.strings;
			sourceTree = "<group>";
		};
		1DDD58140DA1D0A300B32029 /* MainMenu.xib */ = {
			isa = PBXVariantGroup;
			children = (
				1DDD58150DA1D0A300B32029 /* English */,
			);
			name = MainMenu.xib;
			sourceTree = "<group>";
		};
/* End PBXVariantGroup section */

/* Begin XCBuildConfiguration section */
		C01FCF4B08A954540054247B /* Debug */ = {
			isa = XCBuildConfiguration;
			buildSettings = {
				ALWAYS_SEARCH_USER_PATHS = NO;
				COPY_PHASE_STRIP = NO;
				GCC_DYNAMIC_NO_PIC = NO;
				GCC_ENABLE_FIX_AND_CONTINUE = YES;
				GCC_MODEL_TUNING = G5;
				GCC_OPTIMIZATION_LEVEL = 0;
				GCC_PRECOMPILE_PREFIX_HEADER = YES;
				GCC_PREFIX_HEADER = falling_Prefix.pch;
				HEADER_SEARCH_PATHS = /opt/local/include;
				INFOPLIST_FILE = "falling-Info.plist";
				INSTALL_PATH = "$(HOME)/Applications";
				LIBRARY_SEARCH_PATHS = /opt/local/lib;
				OTHER_LDFLAGS = "-lpng";
				PRODUCT_NAME = falling;
			};
			name = Debug;
		};
		C01FCF4C08A954540054247B /* Release */ = {
			isa = XCBuildConfiguration;
			buildSettings = {
				ALWAYS_SEARCH_USER_PATHS = NO;
				DEBUG_INFORMATION_FORMAT = "dwarf-with-dsym";
				GCC_MODEL_TUNING = G5;
				GCC_PRECOMPILE_PREFIX_HEADER = YES;
				GCC_PREFIX_HEADER = falling_Prefix.pch;
				HEADER_SEARCH_PATHS = /opt/local/include;
				INFOPLIST_FILE = "falling-Info.plist";
				INSTALL_PATH = "$(HOME)/Applications";
				LIBRARY_SEARCH_PATHS = /opt/local/lib;
				OTHER_LDFLAGS = "-lpng";
				PRODUCT_NAME = falling;
			};
			name = Release;
		};
		C01FCF4F08A954540054247B /* Debug */ = {
			isa = XCBuildConfiguration;
			buildSettings = {
				ARCHS = "$(ARCHS_STANDARD_64_BIT)";
				GCC_AUTO_VECTORIZATION = YES;
				GCC_C_LANGUAGE_STANDARD = gnu99;
				GCC_ENABLE_OBJC_GC = required;
				GCC_ENABLE_SSE3_EXTENSIONS = YES;
				GCC_ENABLE_SSE41_EXTENSIONS = YES;
				GCC_ENABLE_SSE42_EXTENSIONS = YES;
				GCC_ENABLE_SUPPLEMENTAL_SSE3_INSTRUCTIONS = YES;
				GCC_OBJC_CALL_CXX_CDTORS = YES;
				GCC_OPTIMIZATION_LEVEL = 0;
				GCC_STRICT_ALIASING = YES;
				GCC_VERSION = "";
				GCC_WARN_64_TO_32_BIT_CONVERSION = YES;
				GCC_WARN_ABOUT_RETURN_TYPE = YES;
				GCC_WARN_CHECK_SWITCH_STATEMENTS = YES;
				GCC_WARN_EFFECTIVE_CPLUSPLUS_VIOLATIONS = NO;
				GCC_WARN_HIDDEN_VIRTUAL_FUNCTIONS = YES;
				GCC_WARN_SHADOW = YES;
				GCC_WARN_UNUSED_VARIABLE = YES;
				ONLY_ACTIVE_ARCH = YES;
				OTHER_CFLAGS = "-funit-at-a-time";
				PREBINDING = NO;
				SDKROOT = macosx10.6;
				VALID_ARCHS = "i386 x86_64";
			};
			name = Debug;
		};
		C01FCF5008A954540054247B /* Release */ = {
			isa = XCBuildConfiguration;
			buildSettings = {
				ARCHS = "$(ARCHS_STANDARD_64_BIT)";
				GCC_AUTO_VECTORIZATION = YES;
				GCC_C_LANGUAGE_STANDARD = gnu99;
				GCC_ENABLE_OBJC_GC = required;
				GCC_ENABLE_SSE3_EXTENSIONS = YES;
				GCC_ENABLE_SSE41_EXTENSIONS = YES;
				GCC_ENABLE_SSE42_EXTENSIONS = YES;
				GCC_ENABLE_SUPPLEMENTAL_SSE3_INSTRUCTIONS = YES;
				GCC_OBJC_CALL_CXX_CDTORS = YES;
				GCC_STRICT_ALIASING = YES;
				GCC_VERSION = "";
				GCC_WARN_64_TO_32_BIT_CONVERSION = YES;
				GCC_WARN_ABOUT_RETURN_TYPE = YES;
				GCC_WARN_CHECK_SWITCH_STATEMENTS = YES;
				GCC_WARN_EFFECTIVE_CPLUSPLUS_VIOLATIONS = NO;
				GCC_WARN_HIDDEN_VIRTUAL_FUNCTIONS = YES;
				GCC_WARN_SHADOW = YES;
				GCC_WARN_UNUSED_VARIABLE = YES;
				ONLY_ACTIVE_ARCH = YES;
				OTHER_CFLAGS = "-funit-at-a-time";
				PREBINDING = NO;
				SDKROOT = macosx10.6;
				VALID_ARCHS = "i386 x86_64";
			};
			name = Release;
		};
/* End XCBuildConfiguration section */

/* Begin XCConfigurationList section */
		C01FCF4A08A954540054247B /* Build configuration list for PBXNativeTarget "falling" */ = {
			isa = XCConfigurationList;
			buildConfigurations = (
				C01FCF4B08A954540054247B /* Debug */,
				C01FCF4C08A954540054247B /* Release */,
			);
			defaultConfigurationIsVisible = 0;
			defaultConfigurationName = Release;
		};
		C01FCF4E08A954540054247B /* Build configuration list for PBXProject "falling" */ = {
			isa = XCConfigurationList;
			buildConfigurations = (
				C01FCF4F08A954540054247B /* Debug */,
				C01FCF5008A954540054247B /* Release */,
			);
			defaultConfigurationIsVisible = 0;
			defaultConfigurationName = Release;
		};
/* End XCConfigurationList section */
	};
	rootObject = 29B97313FDCFA39411CA2CEA /* Project object */;
}
